
Microsoft Visual Studio Solution File, Format Version 12.00
# Visual Studio 2015
Project("{FAE04EC0-301F-11D3-BF4B-00C04F79EFBC}") = "Wilderness v4.CSharp", "Wilderness v4.CSharp.csproj", "{402FFAA8-C623-F794-082E-C759C60189DA}"
EndProject
Global
	GlobalSection(SolutionConfigurationPlatforms) = preSolution
		Debug|Any CPU = Debug|Any CPU
		Release|Any CPU = Release|Any CPU
	EndGlobalSection
	GlobalSection(ProjectConfigurationPlatforms) = postSolution
		{402FFAA8-C623-F794-082E-C759C60189DA}.Debug|Any CPU.ActiveCfg = Debug|Any CPU
		{402FFAA8-C623-F794-082E-C759C60189DA}.Debug|Any CPU.Build.0 = Debug|Any CPU
		{402FFAA8-C623-F794-082E-C759C60189DA}.Release|Any CPU.ActiveCfg = Release|Any CPU
		{402FFAA8-C623-F794-082E-C759C60189DA}.Release|Any CPU.Build.0 = Release|Any CPU
	EndGlobalSection
	GlobalSection(SolutionProperties) = preSolution
		HideSolutionNode = FALSE
	EndGlobalSection
EndGlobal
