
Microsoft Visual Studio Solution File, Format Version 12.00
# Visual Studio 2015
Project("{FAE04EC0-301F-11D3-BF4B-00C04F79EFBC}") = "Wilderness v5.2.CSharp", "Wilderness v5.2.CSharp.csproj", "{6F6F0E29-B680-B372-2939-E4227CC2FBB4}"
EndProject
Global
	GlobalSection(SolutionConfigurationPlatforms) = preSolution
		Debug|Any CPU = Debug|Any CPU
		Release|Any CPU = Release|Any CPU
	EndGlobalSection
	GlobalSection(ProjectConfigurationPlatforms) = postSolution
		{6F6F0E29-B680-B372-2939-E4227CC2FBB4}.Debug|Any CPU.ActiveCfg = Debug|Any CPU
		{6F6F0E29-B680-B372-2939-E4227CC2FBB4}.Debug|Any CPU.Build.0 = Debug|Any CPU
		{6F6F0E29-B680-B372-2939-E4227CC2FBB4}.Release|Any CPU.ActiveCfg = Release|Any CPU
		{6F6F0E29-B680-B372-2939-E4227CC2FBB4}.Release|Any CPU.Build.0 = Release|Any CPU
	EndGlobalSection
	GlobalSection(SolutionProperties) = preSolution
		HideSolutionNode = FALSE
	EndGlobalSection
EndGlobal
