
Microsoft Visual Studio Solution File, Format Version 12.00
# Visual Studio 2015
Project("{FAE04EC0-301F-11D3-BF4B-00C04F79EFBC}") = "Wilderness v5.8.CSharp.Plugins", "Wilderness v5.8.CSharp.Plugins.csproj", "{8D35924B-657C-C459-CD9E-2C31E18DA388}"
EndProject
Project("{FAE04EC0-301F-11D3-BF4B-00C04F79EFBC}") = "Wilderness v5.8.CSharp", "Wilderness v5.8.CSharp.csproj", "{1267381E-893C-03A5-3685-C19D1670B50A}"
EndProject
Project("{FAE04EC0-301F-11D3-BF4B-00C04F79EFBC}") = "Wilderness v5.8.CSharp.Editor", "Wilderness v5.8.CSharp.Editor.csproj", "{981C531D-B189-7E82-8218-C16108098376}"
EndProject
Global
	GlobalSection(SolutionConfigurationPlatforms) = preSolution
		Debug|Any CPU = Debug|Any CPU
		Release|Any CPU = Release|Any CPU
	EndGlobalSection
	GlobalSection(ProjectConfigurationPlatforms) = postSolution
		{8D35924B-657C-C459-CD9E-2C31E18DA388}.Debug|Any CPU.ActiveCfg = Debug|Any CPU
		{8D35924B-657C-C459-CD9E-2C31E18DA388}.Debug|Any CPU.Build.0 = Debug|Any CPU
		{8D35924B-657C-C459-CD9E-2C31E18DA388}.Release|Any CPU.ActiveCfg = Release|Any CPU
		{8D35924B-657C-C459-CD9E-2C31E18DA388}.Release|Any CPU.Build.0 = Release|Any CPU
		{1267381E-893C-03A5-3685-C19D1670B50A}.Debug|Any CPU.ActiveCfg = Debug|Any CPU
		{1267381E-893C-03A5-3685-C19D1670B50A}.Debug|Any CPU.Build.0 = Debug|Any CPU
		{1267381E-893C-03A5-3685-C19D1670B50A}.Release|Any CPU.ActiveCfg = Release|Any CPU
		{1267381E-893C-03A5-3685-C19D1670B50A}.Release|Any CPU.Build.0 = Release|Any CPU
		{981C531D-B189-7E82-8218-C16108098376}.Debug|Any CPU.ActiveCfg = Debug|Any CPU
		{981C531D-B189-7E82-8218-C16108098376}.Debug|Any CPU.Build.0 = Debug|Any CPU
		{981C531D-B189-7E82-8218-C16108098376}.Release|Any CPU.ActiveCfg = Release|Any CPU
		{981C531D-B189-7E82-8218-C16108098376}.Release|Any CPU.Build.0 = Release|Any CPU
	EndGlobalSection
	GlobalSection(SolutionProperties) = preSolution
		HideSolutionNode = FALSE
	EndGlobalSection
EndGlobal
