
Microsoft Visual Studio Solution File, Format Version 12.00
# Visual Studio 2015
Project("{FAE04EC0-301F-11D3-BF4B-00C04F79EFBC}") = "Wilderness v6.4.CSharp.Plugins", "Wilderness v6.4.CSharp.Plugins.csproj", "{A0492D66-F28E-6E6C-84DF-D13A3EA11985}"
EndProject
Project("{FAE04EC0-301F-11D3-BF4B-00C04F79EFBC}") = "Wilderness v6.4.CSharp", "Wilderness v6.4.CSharp.csproj", "{75750BE8-586F-EA98-6BE1-DEA6CD97A8D8}"
EndProject
Project("{FAE04EC0-301F-11D3-BF4B-00C04F79EFBC}") = "Wilderness v6.4.CSharp.Editor", "Wilderness v6.4.CSharp.Editor.csproj", "{83A2144A-9E76-69E6-AE94-F62897C6E6B2}"
EndProject
Global
	GlobalSection(SolutionConfigurationPlatforms) = preSolution
		Debug|Any CPU = Debug|Any CPU
		Release|Any CPU = Release|Any CPU
	EndGlobalSection
	GlobalSection(ProjectConfigurationPlatforms) = postSolution
		{A0492D66-F28E-6E6C-84DF-D13A3EA11985}.Debug|Any CPU.ActiveCfg = Debug|Any CPU
		{A0492D66-F28E-6E6C-84DF-D13A3EA11985}.Debug|Any CPU.Build.0 = Debug|Any CPU
		{A0492D66-F28E-6E6C-84DF-D13A3EA11985}.Release|Any CPU.ActiveCfg = Release|Any CPU
		{A0492D66-F28E-6E6C-84DF-D13A3EA11985}.Release|Any CPU.Build.0 = Release|Any CPU
		{75750BE8-586F-EA98-6BE1-DEA6CD97A8D8}.Debug|Any CPU.ActiveCfg = Debug|Any CPU
		{75750BE8-586F-EA98-6BE1-DEA6CD97A8D8}.Debug|Any CPU.Build.0 = Debug|Any CPU
		{75750BE8-586F-EA98-6BE1-DEA6CD97A8D8}.Release|Any CPU.ActiveCfg = Release|Any CPU
		{75750BE8-586F-EA98-6BE1-DEA6CD97A8D8}.Release|Any CPU.Build.0 = Release|Any CPU
		{83A2144A-9E76-69E6-AE94-F62897C6E6B2}.Debug|Any CPU.ActiveCfg = Debug|Any CPU
		{83A2144A-9E76-69E6-AE94-F62897C6E6B2}.Debug|Any CPU.Build.0 = Debug|Any CPU
		{83A2144A-9E76-69E6-AE94-F62897C6E6B2}.Release|Any CPU.ActiveCfg = Release|Any CPU
		{83A2144A-9E76-69E6-AE94-F62897C6E6B2}.Release|Any CPU.Build.0 = Release|Any CPU
	EndGlobalSection
	GlobalSection(SolutionProperties) = preSolution
		HideSolutionNode = FALSE
	EndGlobalSection
EndGlobal
